
Microsoft Visual Studio Solution File, Format Version 12.00
# Visual Studio 15
VisualStudioVersion = 15.0.27130.2024
MinimumVisualStudioVersion = 10.0.40219.1
Project("{9A19103F-16F7-4668-BE54-9A1E7A4F7556}") = "challengerGit", "challengerGit\challengerGit.csproj", "{3D3686D7-0BA7-4F29-AF48-C39780909D60}"
EndProject
Project("{E53339B2-1760-4266-BCC7-CA923CBCF16C}") = "docker-compose", "docker-compose.dcproj", "{DAB67DBF-6E75-41F8-AFCC-39A89B4AFFF5}"
EndProject
Global
	GlobalSection(SolutionConfigurationPlatforms) = preSolution
		Debug|Any CPU = Debug|Any CPU
		Release|Any CPU = Release|Any CPU
	EndGlobalSection
	GlobalSection(ProjectConfigurationPlatforms) = postSolution
		{3D3686D7-0BA7-4F29-AF48-C39780909D60}.Debug|Any CPU.ActiveCfg = Debug|Any CPU
		{3D3686D7-0BA7-4F29-AF48-C39780909D60}.Debug|Any CPU.Build.0 = Debug|Any CPU
		{3D3686D7-0BA7-4F29-AF48-C39780909D60}.Release|Any CPU.ActiveCfg = Release|Any CPU
		{3D3686D7-0BA7-4F29-AF48-C39780909D60}.Release|Any CPU.Build.0 = Release|Any CPU
		{DAB67DBF-6E75-41F8-AFCC-39A89B4AFFF5}.Debug|Any CPU.ActiveCfg = Debug|Any CPU
		{DAB67DBF-6E75-41F8-AFCC-39A89B4AFFF5}.Debug|Any CPU.Build.0 = Debug|Any CPU
		{DAB67DBF-6E75-41F8-AFCC-39A89B4AFFF5}.Release|Any CPU.ActiveCfg = Release|Any CPU
		{DAB67DBF-6E75-41F8-AFCC-39A89B4AFFF5}.Release|Any CPU.Build.0 = Release|Any CPU
	EndGlobalSection
	GlobalSection(SolutionProperties) = preSolution
		HideSolutionNode = FALSE
	EndGlobalSection
	GlobalSection(ExtensibilityGlobals) = postSolution
		SolutionGuid = {C94C4C0B-04CC-4053-BAE5-4412009B0209}
	EndGlobalSection
EndGlobal
